
Microsoft Visual Studio Solution File, Format Version 12.00
# Visual Studio Version 17
VisualStudioVersion = 17.8.34408.163
MinimumVisualStudioVersion = 10.0.40219.1
Project("{FAE04EC0-301F-11D3-BF4B-00C04F79EFBC}") = "immutableID", "immutableID.csproj", "{43F4D37A-2716-46F1-97B2-0DFA937D3EA7}"
EndProject
Global
	GlobalSection(SolutionConfigurationPlatforms) = preSolution
		Debug|Any CPU = Debug|Any CPU
		Release|Any CPU = Release|Any CPU
	EndGlobalSection
	GlobalSection(ProjectConfigurationPlatforms) = postSolution
		{43F4D37A-2716-46F1-97B2-0DFA937D3EA7}.Debug|Any CPU.ActiveCfg = Debug|Any CPU
		{43F4D37A-2716-46F1-97B2-0DFA937D3EA7}.Debug|Any CPU.Build.0 = Debug|Any CPU
		{43F4D37A-2716-46F1-97B2-0DFA937D3EA7}.Release|Any CPU.ActiveCfg = Release|Any CPU
		{43F4D37A-2716-46F1-97B2-0DFA937D3EA7}.Release|Any CPU.Build.0 = Release|Any CPU
	EndGlobalSection
	GlobalSection(SolutionProperties) = preSolution
		HideSolutionNode = FALSE
	EndGlobalSection
	GlobalSection(ExtensibilityGlobals) = postSolution
		SolutionGuid = {63EFA3CA-9026-4BD2-9F71-1CAADB464E2B}
	EndGlobalSection
EndGlobal
