
Microsoft Visual Studio Solution File, Format Version 12.00
# Visual Studio Version 17
VisualStudioVersion = 17.8.34408.163
MinimumVisualStudioVersion = 10.0.40219.1
Project("{FAE04EC0-301F-11D3-BF4B-00C04F79EFBC}") = "bookStoreRecord", "bookStoreRecord.csproj", "{B0FDF6B1-3D14-4267-A8AB-18FBE249A6B4}"
EndProject
Global
	GlobalSection(SolutionConfigurationPlatforms) = preSolution
		Debug|Any CPU = Debug|Any CPU
		Release|Any CPU = Release|Any CPU
	EndGlobalSection
	GlobalSection(ProjectConfigurationPlatforms) = postSolution
		{B0FDF6B1-3D14-4267-A8AB-18FBE249A6B4}.Debug|Any CPU.ActiveCfg = Debug|Any CPU
		{B0FDF6B1-3D14-4267-A8AB-18FBE249A6B4}.Debug|Any CPU.Build.0 = Debug|Any CPU
		{B0FDF6B1-3D14-4267-A8AB-18FBE249A6B4}.Release|Any CPU.ActiveCfg = Release|Any CPU
		{B0FDF6B1-3D14-4267-A8AB-18FBE249A6B4}.Release|Any CPU.Build.0 = Release|Any CPU
	EndGlobalSection
	GlobalSection(SolutionProperties) = preSolution
		HideSolutionNode = FALSE
	EndGlobalSection
	GlobalSection(ExtensibilityGlobals) = postSolution
		SolutionGuid = {CA97173C-5FB7-4F94-9217-22E51859EA68}
	EndGlobalSection
EndGlobal
